
Microsoft Visual Studio Solution File, Format Version 12.00
# Visual Studio Version 16
VisualStudioVersion = 16.0.28922.388
MinimumVisualStudioVersion = 10.0.40219.1
Project("{2C84BD88-F9A5-4908-AC7D-745191DD9300}") = "PingDong.CleanArchitect.Infrastructure.SqlServer", "src\PingDong.CleanArchitect.Infrastructure.SqlServer\PingDong.CleanArchitect.Infrastructure.SqlServer.csproj", "{373DD100-720D-4229-BE5B-C4B1FDFA1EE1}"
EndProject
Project("{C51DB789-F630-4105-8686-E5F74EE20CF7}") = "PingDong.CleanArchitect.Infrastructure.SqlServer.UnitTests", "src\PingDong.CleanArchitect.Infrastructure.SqlServer.UnitTests\PingDong.CleanArchitect.Infrastructure.SqlServer.UnitTests.csproj", "{416A6A5B-408A-4C52-9D83-9957E3E8F9D9}"
EndProject
Global
	GlobalSection(SolutionConfigurationPlatforms) = preSolution
		Debug|Any CPU = Debug|Any CPU
		Release|Any CPU = Release|Any CPU
	EndGlobalSection
	GlobalSection(ProjectConfigurationPlatforms) = postSolution
		{373DD100-720D-4229-BE5B-C4B1FDFA1EE1}.Debug|Any CPU.ActiveCfg = Debug|Any CPU
		{373DD100-720D-4229-BE5B-C4B1FDFA1EE1}.Debug|Any CPU.Build.0 = Debug|Any CPU
		{373DD100-720D-4229-BE5B-C4B1FDFA1EE1}.Release|Any CPU.ActiveCfg = Release|Any CPU
		{373DD100-720D-4229-BE5B-C4B1FDFA1EE1}.Release|Any CPU.Build.0 = Release|Any CPU
		{416A6A5B-408A-4C52-9D83-9957E3E8F9D9}.Debug|Any CPU.ActiveCfg = Debug|Any CPU
		{416A6A5B-408A-4C52-9D83-9957E3E8F9D9}.Debug|Any CPU.Build.0 = Debug|Any CPU
		{416A6A5B-408A-4C52-9D83-9957E3E8F9D9}.Release|Any CPU.ActiveCfg = Release|Any CPU
		{416A6A5B-408A-4C52-9D83-9957E3E8F9D9}.Release|Any CPU.Build.0 = Release|Any CPU
	EndGlobalSection
	GlobalSection(SolutionProperties) = preSolution
		HideSolutionNode = FALSE
	EndGlobalSection
	GlobalSection(ExtensibilityGlobals) = postSolution
		SolutionGuid = {DA92B57D-7951-4895-A2C3-C21C045F30DC}
	EndGlobalSection
EndGlobal
